// !$*UTF8*$!
{
	archiveVersion = 1;
	classes = {
	};
	objectVersion = 50;
	objects = {

/* Begin PBXBuildFile section */
		14531B01FE1AB76975906523 /* Pods_Timely.framework in Frameworks */ = {isa = PBXBuildFile; fileRef = 3C450FBCB1EF76CC59ACD93D /* Pods_Timely.framework */; };
		DE1272072261F5A50010B7AB /* TaskListTableViewController.swift in Sources */ = {isa = PBXBuildFile; fileRef = DE1272062261F5A50010B7AB /* TaskListTableViewController.swift */; };
		DE1272092261F6510010B7AB /* CompletedTaskTableViewController.swift in Sources */ = {isa = PBXBuildFile; fileRef = DE1272082261F6510010B7AB /* CompletedTaskTableViewController.swift */; };
		DE12720B2261F6DA0010B7AB /* AddTaskViewController.swift in Sources */ = {isa = PBXBuildFile; fileRef = DE12720A2261F6DA0010B7AB /* AddTaskViewController.swift */; };
		DE12720D2261F70D0010B7AB /* TaskTableViewCell.swift in Sources */ = {isa = PBXBuildFile; fileRef = DE12720C2261F70D0010B7AB /* TaskTableViewCell.swift */; };
		DE12721322631CF30010B7AB /* Tasks.xcdatamodeld in Sources */ = {isa = PBXBuildFile; fileRef = DE12721122631CF30010B7AB /* Tasks.xcdatamodeld */; };
		DE1C4AEC229A99AD00FC7439 /* location.png in Resources */ = {isa = PBXBuildFile; fileRef = DE1C4AEB229A99AD00FC7439 /* location.png */; };
		DE1C4AF5229A9DFA00FC7439 /* detail.png in Resources */ = {isa = PBXBuildFile; fileRef = DE1C4AEE229A9DFA00FC7439 /* detail.png */; };
		DE1C4AF6229A9DFA00FC7439 /* check-square.png in Resources */ = {isa = PBXBuildFile; fileRef = DE1C4AEF229A9DFA00FC7439 /* check-square.png */; };
		DE1C4AF7229A9DFA00FC7439 /* message.png in Resources */ = {isa = PBXBuildFile; fileRef = DE1C4AF0229A9DFA00FC7439 /* message.png */; };
		DE1C4AF8229A9DFA00FC7439 /* play-circle.png in Resources */ = {isa = PBXBuildFile; fileRef = DE1C4AF1229A9DFA00FC7439 /* play-circle.png */; };
		DE1C4AF9229A9DFA00FC7439 /* rollback.png in Resources */ = {isa = PBXBuildFile; fileRef = DE1C4AF2229A9DFA00FC7439 /* rollback.png */; };
		DE1C4AFA229A9DFA00FC7439 /* code.png in Resources */ = {isa = PBXBuildFile; fileRef = DE1C4AF3229A9DFA00FC7439 /* code.png */; };
		DE1C4AFB229A9DFA00FC7439 /* stop.png in Resources */ = {isa = PBXBuildFile; fileRef = DE1C4AF4229A9DFA00FC7439 /* stop.png */; };
		DE1D995A228417BE000DC0AC /* VolumeData.swift in Sources */ = {isa = PBXBuildFile; fileRef = DE1D9959228417BE000DC0AC /* VolumeData.swift */; };
		DE2FAFD72240C5E6002C6A05 /* Main.storyboard in Resources */ = {isa = PBXBuildFile; fileRef = DE2FAFD52240C5E6002C6A05 /* Main.storyboard */; };
		DE2FAFD92240C5E7002C6A05 /* Assets.xcassets in Resources */ = {isa = PBXBuildFile; fileRef = DE2FAFD82240C5E7002C6A05 /* Assets.xcassets */; };
		DE2FAFDC2240C5E7002C6A05 /* LaunchScreen.storyboard in Resources */ = {isa = PBXBuildFile; fileRef = DE2FAFDA2240C5E7002C6A05 /* LaunchScreen.storyboard */; };
		DE70B67B22B1E74700DB50C5 /* SettingPageTableViewController.swift in Sources */ = {isa = PBXBuildFile; fileRef = DE70B67A22B1E74700DB50C5 /* SettingPageTableViewController.swift */; };
		DE70B68422B2481E00DB50C5 /* NotificationCenter.framework in Frameworks */ = {isa = PBXBuildFile; fileRef = DE70B68322B2481E00DB50C5 /* NotificationCenter.framework */; };
		DE70B68722B2481E00DB50C5 /* TodayViewController.swift in Sources */ = {isa = PBXBuildFile; fileRef = DE70B68622B2481E00DB50C5 /* TodayViewController.swift */; };
		DE70B68A22B2481E00DB50C5 /* MainInterface.storyboard in Resources */ = {isa = PBXBuildFile; fileRef = DE70B68822B2481E00DB50C5 /* MainInterface.storyboard */; };
		DE70B68E22B2481E00DB50C5 /* TimelyWidget.appex in Embed App Extensions */ = {isa = PBXBuildFile; fileRef = DE70B68222B2481E00DB50C5 /* TimelyWidget.appex */; settings = {ATTRIBUTES = (RemoveHeadersOnCopy, ); }; };
		DE70B69A22B282C900DB50C5 /* logo1.png in Resources */ = {isa = PBXBuildFile; fileRef = DE70B69922B282C900DB50C5 /* logo1.png */; };
		DE99228F227D403F000760EF /* Task+CoreDataClass.swift in Sources */ = {isa = PBXBuildFile; fileRef = DE99228D227D403F000760EF /* Task+CoreDataClass.swift */; };
		DE992290227D403F000760EF /* Task+CoreDataProperties.swift in Sources */ = {isa = PBXBuildFile; fileRef = DE99228E227D403F000760EF /* Task+CoreDataProperties.swift */; };
		DE992294227D51F1000760EF /* WebViewController.swift in Sources */ = {isa = PBXBuildFile; fileRef = DE992293227D51F1000760EF /* WebViewController.swift */; };
		DE992297227D55E0000760EF /* WebKit.framework in Frameworks */ = {isa = PBXBuildFile; fileRef = DE992296227D55E0000760EF /* WebKit.framework */; };
		DE992299227D583F000760EF /* TimetableViewController.swift in Sources */ = {isa = PBXBuildFile; fileRef = DE992298227D583F000760EF /* TimetableViewController.swift */; };
		DE99229B227E7DCA000760EF /* TaskMapViewController.swift in Sources */ = {isa = PBXBuildFile; fileRef = DE99229A227E7DCA000760EF /* TaskMapViewController.swift */; };
		DEB320D522634E2F00CAE9C6 /* DatabaseProtocol.swift in Sources */ = {isa = PBXBuildFile; fileRef = DEB320D422634E2F00CAE9C6 /* DatabaseProtocol.swift */; };
		DEB320D722634FFA00CAE9C6 /* CoreDataController.swift in Sources */ = {isa = PBXBuildFile; fileRef = DEB320D622634FFA00CAE9C6 /* CoreDataController.swift */; };
		DEB320D92263580100CAE9C6 /* MulticastDelegate.swift in Sources */ = {isa = PBXBuildFile; fileRef = DEB320D82263580100CAE9C6 /* MulticastDelegate.swift */; };
		DEB320DB22643BBB00CAE9C6 /* TaskDetailViewController.swift in Sources */ = {isa = PBXBuildFile; fileRef = DEB320DA22643BBB00CAE9C6 /* TaskDetailViewController.swift */; };
		DEB320DD22648DC300CAE9C6 /* AppDelegate.swift in Sources */ = {isa = PBXBuildFile; fileRef = DEB320DC22648DC300CAE9C6 /* AppDelegate.swift */; };
		DEB320E12265B2BC00CAE9C6 /* Cube-1s-200px.gif in Resources */ = {isa = PBXBuildFile; fileRef = DEB320E02265B2BC00CAE9C6 /* Cube-1s-200px.gif */; };
		DEE5746D228E6EA300424117 /* ViewModel.swift in Sources */ = {isa = PBXBuildFile; fileRef = DEE5746C228E6EA300424117 /* ViewModel.swift */; };
		DEE5746F228E6EF800424117 /* AllDayEvent.swift in Sources */ = {isa = PBXBuildFile; fileRef = DEE5746E228E6EF800424117 /* AllDayEvent.swift */; };
		DEE57471228F867800424117 /* TimetableWeekView.swift in Sources */ = {isa = PBXBuildFile; fileRef = DEE57470228F867800424117 /* TimetableWeekView.swift */; };
		DEE57473228F86F300424117 /* EventCell.swift in Sources */ = {isa = PBXBuildFile; fileRef = DEE57472228F86F300424117 /* EventCell.swift */; };
		DEE57476228F94BA00424117 /* Extensions.swift in Sources */ = {isa = PBXBuildFile; fileRef = DEE57475228F94BA00424117 /* Extensions.swift */; };
		DEE57478228F975B00424117 /* EventCell.xib in Resources */ = {isa = PBXBuildFile; fileRef = DEE57477228F975B00424117 /* EventCell.xib */; };
/* End PBXBuildFile section */

/* Begin PBXContainerItemProxy section */
		DE70B68C22B2481E00DB50C5 /* PBXContainerItemProxy */ = {
			isa = PBXContainerItemProxy;
			containerPortal = DE2FAFC62240C5E6002C6A05 /* Project object */;
			proxyType = 1;
			remoteGlobalIDString = DE70B68122B2481E00DB50C5;
			remoteInfo = TimelyWidget;
		};
/* End PBXContainerItemProxy section */

/* Begin PBXCopyFilesBuildPhase section */
		DE70B69222B2481E00DB50C5 /* Embed App Extensions */ = {
			isa = PBXCopyFilesBuildPhase;
			buildActionMask = 2147483647;
			dstPath = "";
			dstSubfolderSpec = 13;
			files = (
				DE70B68E22B2481E00DB50C5 /* TimelyWidget.appex in Embed App Extensions */,
			);
			name = "Embed App Extensions";
			runOnlyForDeploymentPostprocessing = 0;
		};
/* End PBXCopyFilesBuildPhase section */

/* Begin PBXFileReference section */
		1E7FD4FB5AFA42D1705ADB02 /* Pods-Timely.debug.xcconfig */ = {isa = PBXFileReference; includeInIndex = 1; lastKnownFileType = text.xcconfig; name = "Pods-Timely.debug.xcconfig"; path = "Target Support Files/Pods-Timely/Pods-Timely.debug.xcconfig"; sourceTree = "<group>"; };
		3C450FBCB1EF76CC59ACD93D /* Pods_Timely.framework */ = {isa = PBXFileReference; explicitFileType = wrapper.framework; includeInIndex = 0; path = Pods_Timely.framework; sourceTree = BUILT_PRODUCTS_DIR; };
		A9B8B39002A1E5731912A1E2 /* Pods-Timely.release.xcconfig */ = {isa = PBXFileReference; includeInIndex = 1; lastKnownFileType = text.xcconfig; name = "Pods-Timely.release.xcconfig"; path = "Target Support Files/Pods-Timely/Pods-Timely.release.xcconfig"; sourceTree = "<group>"; };
		DE1272062261F5A50010B7AB /* TaskListTableViewController.swift */ = {isa = PBXFileReference; lastKnownFileType = sourcecode.swift; path = TaskListTableViewController.swift; sourceTree = "<group>"; };
		DE1272082261F6510010B7AB /* CompletedTaskTableViewController.swift */ = {isa = PBXFileReference; lastKnownFileType = sourcecode.swift; path = CompletedTaskTableViewController.swift; sourceTree = "<group>"; };
		DE12720A2261F6DA0010B7AB /* AddTaskViewController.swift */ = {isa = PBXFileReference; lastKnownFileType = sourcecode.swift; path = AddTaskViewController.swift; sourceTree = "<group>"; };
		DE12720C2261F70D0010B7AB /* TaskTableViewCell.swift */ = {isa = PBXFileReference; lastKnownFileType = sourcecode.swift; path = TaskTableViewCell.swift; sourceTree = "<group>"; };
		DE12721222631CF30010B7AB /* Tasks.xcdatamodel */ = {isa = PBXFileReference; lastKnownFileType = wrapper.xcdatamodel; path = Tasks.xcdatamodel; sourceTree = "<group>"; };
		DE1C4AEB229A99AD00FC7439 /* location.png */ = {isa = PBXFileReference; lastKnownFileType = image.png; path = location.png; sourceTree = "<group>"; };
		DE1C4AEE229A9DFA00FC7439 /* detail.png */ = {isa = PBXFileReference; lastKnownFileType = image.png; path = detail.png; sourceTree = "<group>"; };
		DE1C4AEF229A9DFA00FC7439 /* check-square.png */ = {isa = PBXFileReference; lastKnownFileType = image.png; path = "check-square.png"; sourceTree = "<group>"; };
		DE1C4AF0229A9DFA00FC7439 /* message.png */ = {isa = PBXFileReference; lastKnownFileType = image.png; path = message.png; sourceTree = "<group>"; };
		DE1C4AF1229A9DFA00FC7439 /* play-circle.png */ = {isa = PBXFileReference; lastKnownFileType = image.png; path = "play-circle.png"; sourceTree = "<group>"; };
		DE1C4AF2229A9DFA00FC7439 /* rollback.png */ = {isa = PBXFileReference; lastKnownFileType = image.png; path = rollback.png; sourceTree = "<group>"; };
		DE1C4AF3229A9DFA00FC7439 /* code.png */ = {isa = PBXFileReference; lastKnownFileType = image.png; path = code.png; sourceTree = "<group>"; };
		DE1C4AF4229A9DFA00FC7439 /* stop.png */ = {isa = PBXFileReference; lastKnownFileType = image.png; path = stop.png; sourceTree = "<group>"; };
		DE1D9959228417BE000DC0AC /* VolumeData.swift */ = {isa = PBXFileReference; lastKnownFileType = sourcecode.swift; path = VolumeData.swift; sourceTree = "<group>"; };
		DE2FAFCE2240C5E6002C6A05 /* Timely.app */ = {isa = PBXFileReference; explicitFileType = wrapper.application; includeInIndex = 0; path = Timely.app; sourceTree = BUILT_PRODUCTS_DIR; };
		DE2FAFD62240C5E6002C6A05 /* Base */ = {isa = PBXFileReference; lastKnownFileType = file.storyboard; name = Base; path = Base.lproj/Main.storyboard; sourceTree = "<group>"; };
		DE2FAFD82240C5E7002C6A05 /* Assets.xcassets */ = {isa = PBXFileReference; lastKnownFileType = folder.assetcatalog; path = Assets.xcassets; sourceTree = "<group>"; };
		DE2FAFDB2240C5E7002C6A05 /* Base */ = {isa = PBXFileReference; lastKnownFileType = file.storyboard; name = Base; path = Base.lproj/LaunchScreen.storyboard; sourceTree = "<group>"; };
		DE2FAFDD2240C5E7002C6A05 /* Info.plist */ = {isa = PBXFileReference; lastKnownFileType = text.plist.xml; path = Info.plist; sourceTree = "<group>"; };
		DE70B67A22B1E74700DB50C5 /* SettingPageTableViewController.swift */ = {isa = PBXFileReference; lastKnownFileType = sourcecode.swift; path = SettingPageTableViewController.swift; sourceTree = "<group>"; };
		DE70B68222B2481E00DB50C5 /* TimelyWidget.appex */ = {isa = PBXFileReference; explicitFileType = "wrapper.app-extension"; includeInIndex = 0; path = TimelyWidget.appex; sourceTree = BUILT_PRODUCTS_DIR; };
		DE70B68322B2481E00DB50C5 /* NotificationCenter.framework */ = {isa = PBXFileReference; lastKnownFileType = wrapper.framework; name = NotificationCenter.framework; path = System/Library/Frameworks/NotificationCenter.framework; sourceTree = SDKROOT; };
		DE70B68622B2481E00DB50C5 /* TodayViewController.swift */ = {isa = PBXFileReference; lastKnownFileType = sourcecode.swift; path = TodayViewController.swift; sourceTree = "<group>"; };
		DE70B68922B2481E00DB50C5 /* Base */ = {isa = PBXFileReference; lastKnownFileType = file.storyboard; name = Base; path = Base.lproj/MainInterface.storyboard; sourceTree = "<group>"; };
		DE70B68B22B2481E00DB50C5 /* Info.plist */ = {isa = PBXFileReference; lastKnownFileType = text.plist.xml; path = Info.plist; sourceTree = "<group>"; };
		DE70B69322B248E700DB50C5 /* TimelyWidget.entitlements */ = {isa = PBXFileReference; lastKnownFileType = text.plist.entitlements; path = TimelyWidget.entitlements; sourceTree = "<group>"; };
		DE70B69422B2491200DB50C5 /* Timely.entitlements */ = {isa = PBXFileReference; lastKnownFileType = text.plist.entitlements; path = Timely.entitlements; sourceTree = "<group>"; };
		DE70B69922B282C900DB50C5 /* logo1.png */ = {isa = PBXFileReference; lastKnownFileType = image.png; path = logo1.png; sourceTree = "<group>"; };
		DE99228C227D3F3F000760EF /* Tasks 2.xcdatamodel */ = {isa = PBXFileReference; lastKnownFileType = wrapper.xcdatamodel; path = "Tasks 2.xcdatamodel"; sourceTree = "<group>"; };
		DE99228D227D403F000760EF /* Task+CoreDataClass.swift */ = {isa = PBXFileReference; lastKnownFileType = sourcecode.swift; path = "Task+CoreDataClass.swift"; sourceTree = "<group>"; };
		DE99228E227D403F000760EF /* Task+CoreDataProperties.swift */ = {isa = PBXFileReference; lastKnownFileType = sourcecode.swift; path = "Task+CoreDataProperties.swift"; sourceTree = "<group>"; };
		DE992293227D51F1000760EF /* WebViewController.swift */ = {isa = PBXFileReference; lastKnownFileType = sourcecode.swift; path = WebViewController.swift; sourceTree = "<group>"; };
		DE992296227D55E0000760EF /* WebKit.framework */ = {isa = PBXFileReference; lastKnownFileType = wrapper.framework; name = WebKit.framework; path = System/Library/Frameworks/WebKit.framework; sourceTree = SDKROOT; };
		DE992298227D583F000760EF /* TimetableViewController.swift */ = {isa = PBXFileReference; lastKnownFileType = sourcecode.swift; path = TimetableViewController.swift; sourceTree = "<group>"; };
		DE99229A227E7DCA000760EF /* TaskMapViewController.swift */ = {isa = PBXFileReference; lastKnownFileType = sourcecode.swift; path = TaskMapViewController.swift; sourceTree = "<group>"; };
		DEB320D422634E2F00CAE9C6 /* DatabaseProtocol.swift */ = {isa = PBXFileReference; lastKnownFileType = sourcecode.swift; path = DatabaseProtocol.swift; sourceTree = "<group>"; };
		DEB320D622634FFA00CAE9C6 /* CoreDataController.swift */ = {isa = PBXFileReference; lastKnownFileType = sourcecode.swift; path = CoreDataController.swift; sourceTree = "<group>"; };
		DEB320D82263580100CAE9C6 /* MulticastDelegate.swift */ = {isa = PBXFileReference; lastKnownFileType = sourcecode.swift; path = MulticastDelegate.swift; sourceTree = "<group>"; };
		DEB320DA22643BBB00CAE9C6 /* TaskDetailViewController.swift */ = {isa = PBXFileReference; lastKnownFileType = sourcecode.swift; path = TaskDetailViewController.swift; sourceTree = "<group>"; };
		DEB320DC22648DC300CAE9C6 /* AppDelegate.swift */ = {isa = PBXFileReference; lastKnownFileType = sourcecode.swift; path = AppDelegate.swift; sourceTree = "<group>"; };
		DEB320E02265B2BC00CAE9C6 /* Cube-1s-200px.gif */ = {isa = PBXFileReference; lastKnownFileType = image.gif; path = "Cube-1s-200px.gif"; sourceTree = "<group>"; };
		DEE5746C228E6EA300424117 /* ViewModel.swift */ = {isa = PBXFileReference; lastKnownFileType = sourcecode.swift; path = ViewModel.swift; sourceTree = "<group>"; };
		DEE5746E228E6EF800424117 /* AllDayEvent.swift */ = {isa = PBXFileReference; lastKnownFileType = sourcecode.swift; path = AllDayEvent.swift; sourceTree = "<group>"; };
		DEE57470228F867800424117 /* TimetableWeekView.swift */ = {isa = PBXFileReference; lastKnownFileType = sourcecode.swift; path = TimetableWeekView.swift; sourceTree = "<group>"; };
		DEE57472228F86F300424117 /* EventCell.swift */ = {isa = PBXFileReference; lastKnownFileType = sourcecode.swift; path = EventCell.swift; sourceTree = "<group>"; };
		DEE57475228F94BA00424117 /* Extensions.swift */ = {isa = PBXFileReference; lastKnownFileType = sourcecode.swift; path = Extensions.swift; sourceTree = "<group>"; };
		DEE57477228F975B00424117 /* EventCell.xib */ = {isa = PBXFileReference; fileEncoding = 4; lastKnownFileType = file.xib; path = EventCell.xib; sourceTree = "<group>"; };
/* End PBXFileReference section */

/* Begin PBXFrameworksBuildPhase section */
		DE2FAFCB2240C5E6002C6A05 /* Frameworks */ = {
			isa = PBXFrameworksBuildPhase;
			buildActionMask = 2147483647;
			files = (
				DE992297227D55E0000760EF /* WebKit.framework in Frameworks */,
				14531B01FE1AB76975906523 /* Pods_Timely.framework in Frameworks */,
			);
			runOnlyForDeploymentPostprocessing = 0;
		};
		DE70B67F22B2481E00DB50C5 /* Frameworks */ = {
			isa = PBXFrameworksBuildPhase;
			buildActionMask = 2147483647;
			files = (
				DE70B68422B2481E00DB50C5 /* NotificationCenter.framework in Frameworks */,
			);
			runOnlyForDeploymentPostprocessing = 0;
		};
/* End PBXFrameworksBuildPhase section */

/* Begin PBXGroup section */
		44909581BFF044EB9B9E4DC3 /* Pods */ = {
			isa = PBXGroup;
			children = (
				1E7FD4FB5AFA42D1705ADB02 /* Pods-Timely.debug.xcconfig */,
				A9B8B39002A1E5731912A1E2 /* Pods-Timely.release.xcconfig */,
			);
			path = Pods;
			sourceTree = "<group>";
		};
		DE12721022631BE10010B7AB /* DataModel */ = {
			isa = PBXGroup;
			children = (
				DE99228D227D403F000760EF /* Task+CoreDataClass.swift */,
				DE99228E227D403F000760EF /* Task+CoreDataProperties.swift */,
				DE12721122631CF30010B7AB /* Tasks.xcdatamodeld */,
			);
			path = DataModel;
			sourceTree = "<group>";
		};
		DE1C4AED229A9DB700FC7439 /* Icon */ = {
			isa = PBXGroup;
			children = (
				DE1C4AEF229A9DFA00FC7439 /* check-square.png */,
				DE1C4AF3229A9DFA00FC7439 /* code.png */,
				DE1C4AEE229A9DFA00FC7439 /* detail.png */,
				DE1C4AF0229A9DFA00FC7439 /* message.png */,
				DE1C4AF1229A9DFA00FC7439 /* play-circle.png */,
				DE1C4AF2229A9DFA00FC7439 /* rollback.png */,
				DE1C4AF4229A9DFA00FC7439 /* stop.png */,
				DE1C4AEB229A99AD00FC7439 /* location.png */,
			);
			path = Icon;
			sourceTree = "<group>";
		};
		DE2FAFC52240C5E6002C6A05 = {
			isa = PBXGroup;
			children = (
				DE2FAFD02240C5E6002C6A05 /* Timely */,
				DE70B68522B2481E00DB50C5 /* TimelyWidget */,
				DE2FAFCF2240C5E6002C6A05 /* Products */,
				DE992295227D55E0000760EF /* Frameworks */,
				44909581BFF044EB9B9E4DC3 /* Pods */,
			);
			sourceTree = "<group>";
		};
		DE2FAFCF2240C5E6002C6A05 /* Products */ = {
			isa = PBXGroup;
			children = (
				DE2FAFCE2240C5E6002C6A05 /* Timely.app */,
				DE70B68222B2481E00DB50C5 /* TimelyWidget.appex */,
			);
			name = Products;
			sourceTree = "<group>";
		};
		DE2FAFD02240C5E6002C6A05 /* Timely */ = {
			isa = PBXGroup;
			children = (
				DE70B69422B2491200DB50C5 /* Timely.entitlements */,
				DEB320D322634E0C00CAE9C6 /* Database */,
				DE12721022631BE10010B7AB /* DataModel */,
				DE2FAFD52240C5E6002C6A05 /* Main.storyboard */,
				DE2FAFDA2240C5E7002C6A05 /* LaunchScreen.storyboard */,
				DEB320E02265B2BC00CAE9C6 /* Cube-1s-200px.gif */,
				DE70B69922B282C900DB50C5 /* logo1.png */,
				DE2FAFD82240C5E7002C6A05 /* Assets.xcassets */,
				DE2FAFDD2240C5E7002C6A05 /* Info.plist */,
				DE1272062261F5A50010B7AB /* TaskListTableViewController.swift */,
				DE1272082261F6510010B7AB /* CompletedTaskTableViewController.swift */,
				DE12720A2261F6DA0010B7AB /* AddTaskViewController.swift */,
				DEB320DA22643BBB00CAE9C6 /* TaskDetailViewController.swift */,
				DE12720C2261F70D0010B7AB /* TaskTableViewCell.swift */,
				DEB320DC22648DC300CAE9C6 /* AppDelegate.swift */,
				DEE5746B228E6E5F00424117 /* TimetableView */,
				DE99229A227E7DCA000760EF /* TaskMapViewController.swift */,
				DE992293227D51F1000760EF /* WebViewController.swift */,
				DE1D9959228417BE000DC0AC /* VolumeData.swift */,
				DE70B67A22B1E74700DB50C5 /* SettingPageTableViewController.swift */,
				DE1C4AED229A9DB700FC7439 /* Icon */,
			);
			path = Timely;
			sourceTree = "<group>";
		};
		DE70B68522B2481E00DB50C5 /* TimelyWidget */ = {
			isa = PBXGroup;
			children = (
				DE70B69322B248E700DB50C5 /* TimelyWidget.entitlements */,
				DE70B68622B2481E00DB50C5 /* TodayViewController.swift */,
				DE70B68822B2481E00DB50C5 /* MainInterface.storyboard */,
				DE70B68B22B2481E00DB50C5 /* Info.plist */,
			);
			path = TimelyWidget;
			sourceTree = "<group>";
		};
		DE992295227D55E0000760EF /* Frameworks */ = {
			isa = PBXGroup;
			children = (
				DE992296227D55E0000760EF /* WebKit.framework */,
				3C450FBCB1EF76CC59ACD93D /* Pods_Timely.framework */,
				DE70B68322B2481E00DB50C5 /* NotificationCenter.framework */,
			);
			name = Frameworks;
			sourceTree = "<group>";
		};
		DEB320D322634E0C00CAE9C6 /* Database */ = {
			isa = PBXGroup;
			children = (
				DEB320D422634E2F00CAE9C6 /* DatabaseProtocol.swift */,
				DEB320D622634FFA00CAE9C6 /* CoreDataController.swift */,
				DEB320D82263580100CAE9C6 /* MulticastDelegate.swift */,
			);
			path = Database;
			sourceTree = "<group>";
		};
		DEE5746B228E6E5F00424117 /* TimetableView */ = {
			isa = PBXGroup;
			children = (
				DEE57477228F975B00424117 /* EventCell.xib */,
				DE992298227D583F000760EF /* TimetableViewController.swift */,
				DEE5746C228E6EA300424117 /* ViewModel.swift */,
				DEE5746E228E6EF800424117 /* AllDayEvent.swift */,
				DEE57470228F867800424117 /* TimetableWeekView.swift */,
				DEE57472228F86F300424117 /* EventCell.swift */,
				DEE57475228F94BA00424117 /* Extensions.swift */,
			);
			path = TimetableView;
			sourceTree = "<group>";
		};
/* End PBXGroup section */

/* Begin PBXNativeTarget section */
		DE2FAFCD2240C5E6002C6A05 /* Timely */ = {
			isa = PBXNativeTarget;
			buildConfigurationList = DE2FAFE02240C5E7002C6A05 /* Build configuration list for PBXNativeTarget "Timely" */;
			buildPhases = (
				82D4A4E73247E2E904B5081B /* [CP] Check Pods Manifest.lock */,
				DE2FAFCA2240C5E6002C6A05 /* Sources */,
				DE2FAFCB2240C5E6002C6A05 /* Frameworks */,
				DE2FAFCC2240C5E6002C6A05 /* Resources */,
				126E892D78D23D873C524FE8 /* [CP] Embed Pods Frameworks */,
				DE70B69222B2481E00DB50C5 /* Embed App Extensions */,
			);
			buildRules = (
			);
			dependencies = (
				DE70B68D22B2481E00DB50C5 /* PBXTargetDependency */,
			);
			name = Timely;
			productName = Timely;
			productReference = DE2FAFCE2240C5E6002C6A05 /* Timely.app */;
			productType = "com.apple.product-type.application";
		};
		DE70B68122B2481E00DB50C5 /* TimelyWidget */ = {
			isa = PBXNativeTarget;
			buildConfigurationList = DE70B68F22B2481E00DB50C5 /* Build configuration list for PBXNativeTarget "TimelyWidget" */;
			buildPhases = (
				DE70B67E22B2481E00DB50C5 /* Sources */,
				DE70B67F22B2481E00DB50C5 /* Frameworks */,
				DE70B68022B2481E00DB50C5 /* Resources */,
			);
			buildRules = (
			);
			dependencies = (
			);
			name = TimelyWidget;
			productName = TimelyWidget;
			productReference = DE70B68222B2481E00DB50C5 /* TimelyWidget.appex */;
			productType = "com.apple.product-type.app-extension";
		};
/* End PBXNativeTarget section */

/* Begin PBXProject section */
		DE2FAFC62240C5E6002C6A05 /* Project object */ = {
			isa = PBXProject;
			attributes = {
				LastSwiftUpdateCheck = 1020;
				LastUpgradeCheck = 1010;
				ORGANIZATIONNAME = monash;
				TargetAttributes = {
					DE2FAFCD2240C5E6002C6A05 = {
						CreatedOnToolsVersion = 10.1;
						LastSwiftMigration = 1020;
						SystemCapabilities = {
							com.apple.ApplicationGroups.iOS = {
								enabled = 1;
							};
						};
					};
					DE70B68122B2481E00DB50C5 = {
						CreatedOnToolsVersion = 10.2.1;
						SystemCapabilities = {
							com.apple.ApplicationGroups.iOS = {
								enabled = 1;
							};
						};
					};
				};
			};
			buildConfigurationList = DE2FAFC92240C5E6002C6A05 /* Build configuration list for PBXProject "Timely" */;
			compatibilityVersion = "Xcode 9.3";
			developmentRegion = en;
			hasScannedForEncodings = 0;
			knownRegions = (
				en,
				Base,
			);
			mainGroup = DE2FAFC52240C5E6002C6A05;
			productRefGroup = DE2FAFCF2240C5E6002C6A05 /* Products */;
			projectDirPath = "";
			projectRoot = "";
			targets = (
				DE2FAFCD2240C5E6002C6A05 /* Timely */,
				DE70B68122B2481E00DB50C5 /* TimelyWidget */,
			);
		};
/* End PBXProject section */

/* Begin PBXResourcesBuildPhase section */
		DE2FAFCC2240C5E6002C6A05 /* Resources */ = {
			isa = PBXResourcesBuildPhase;
			buildActionMask = 2147483647;
			files = (
				DE2FAFDC2240C5E7002C6A05 /* LaunchScreen.storyboard in Resources */,
				DEE57478228F975B00424117 /* EventCell.xib in Resources */,
				DE1C4AFA229A9DFA00FC7439 /* code.png in Resources */,
				DE1C4AF9229A9DFA00FC7439 /* rollback.png in Resources */,
				DE2FAFD92240C5E7002C6A05 /* Assets.xcassets in Resources */,
				DEB320E12265B2BC00CAE9C6 /* Cube-1s-200px.gif in Resources */,
				DE70B69A22B282C900DB50C5 /* logo1.png in Resources */,
				DE1C4AEC229A99AD00FC7439 /* location.png in Resources */,
				DE1C4AF5229A9DFA00FC7439 /* detail.png in Resources */,
				DE2FAFD72240C5E6002C6A05 /* Main.storyboard in Resources */,
				DE1C4AF8229A9DFA00FC7439 /* play-circle.png in Resources */,
				DE1C4AFB229A9DFA00FC7439 /* stop.png in Resources */,
				DE1C4AF6229A9DFA00FC7439 /* check-square.png in Resources */,
				DE1C4AF7229A9DFA00FC7439 /* message.png in Resources */,
			);
			runOnlyForDeploymentPostprocessing = 0;
		};
		DE70B68022B2481E00DB50C5 /* Resources */ = {
			isa = PBXResourcesBuildPhase;
			buildActionMask = 2147483647;
			files = (
				DE70B68A22B2481E00DB50C5 /* MainInterface.storyboard in Resources */,
			);
			runOnlyForDeploymentPostprocessing = 0;
		};
/* End PBXResourcesBuildPhase section */

/* Begin PBXShellScriptBuildPhase section */
		126E892D78D23D873C524FE8 /* [CP] Embed Pods Frameworks */ = {
			isa = PBXShellScriptBuildPhase;
			buildActionMask = 2147483647;
			files = (
			);
			inputFileListPaths = (
			);
			inputPaths = (
				"${PODS_ROOT}/Target Support Files/Pods-Timely/Pods-Timely-frameworks.sh",
				"${BUILT_PRODUCTS_DIR}/JZCalendarWeekView/JZCalendarWeekView.framework",
			);
			name = "[CP] Embed Pods Frameworks";
			outputFileListPaths = (
			);
			outputPaths = (
				"${TARGET_BUILD_DIR}/${FRAMEWORKS_FOLDER_PATH}/JZCalendarWeekView.framework",
			);
			runOnlyForDeploymentPostprocessing = 0;
			shellPath = /bin/sh;
			shellScript = "\"${PODS_ROOT}/Target Support Files/Pods-Timely/Pods-Timely-frameworks.sh\"\n";
			showEnvVarsInLog = 0;
		};
		82D4A4E73247E2E904B5081B /* [CP] Check Pods Manifest.lock */ = {
			isa = PBXShellScriptBuildPhase;
			buildActionMask = 2147483647;
			files = (
			);
			inputFileListPaths = (
			);
			inputPaths = (
				"${PODS_PODFILE_DIR_PATH}/Podfile.lock",
				"${PODS_ROOT}/Manifest.lock",
			);
			name = "[CP] Check Pods Manifest.lock";
			outputFileListPaths = (
			);
			outputPaths = (
				"$(DERIVED_FILE_DIR)/Pods-Timely-checkManifestLockResult.txt",
			);
			runOnlyForDeploymentPostprocessing = 0;
			shellPath = /bin/sh;
			shellScript = "diff \"${PODS_PODFILE_DIR_PATH}/Podfile.lock\" \"${PODS_ROOT}/Manifest.lock\" > /dev/null\nif [ $? != 0 ] ; then\n    # print error to STDERR\n    echo \"error: The sandbox is not in sync with the Podfile.lock. Run 'pod install' or update your CocoaPods installation.\" >&2\n    exit 1\nfi\n# This output is used by Xcode 'outputs' to avoid re-running this script phase.\necho \"SUCCESS\" > \"${SCRIPT_OUTPUT_FILE_0}\"\n";
			showEnvVarsInLog = 0;
		};
/* End PBXShellScriptBuildPhase section */

/* Begin PBXSourcesBuildPhase section */
		DE2FAFCA2240C5E6002C6A05 /* Sources */ = {
			isa = PBXSourcesBuildPhase;
			buildActionMask = 2147483647;
			files = (
				DE992299227D583F000760EF /* TimetableViewController.swift in Sources */,
				DEB320DD22648DC300CAE9C6 /* AppDelegate.swift in Sources */,
				DEE5746D228E6EA300424117 /* ViewModel.swift in Sources */,
				DE12720D2261F70D0010B7AB /* TaskTableViewCell.swift in Sources */,
				DE12720B2261F6DA0010B7AB /* AddTaskViewController.swift in Sources */,
				DE1272072261F5A50010B7AB /* TaskListTableViewController.swift in Sources */,
				DEB320D522634E2F00CAE9C6 /* DatabaseProtocol.swift in Sources */,
				DEE5746F228E6EF800424117 /* AllDayEvent.swift in Sources */,
				DEB320D722634FFA00CAE9C6 /* CoreDataController.swift in Sources */,
				DE12721322631CF30010B7AB /* Tasks.xcdatamodeld in Sources */,
				DEE57471228F867800424117 /* TimetableWeekView.swift in Sources */,
				DEB320DB22643BBB00CAE9C6 /* TaskDetailViewController.swift in Sources */,
				DEE57473228F86F300424117 /* EventCell.swift in Sources */,
				DEE57476228F94BA00424117 /* Extensions.swift in Sources */,
				DE99228F227D403F000760EF /* Task+CoreDataClass.swift in Sources */,
				DE1272092261F6510010B7AB /* CompletedTaskTableViewController.swift in Sources */,
				DE992290227D403F000760EF /* Task+CoreDataProperties.swift in Sources */,
				DE992294227D51F1000760EF /* WebViewController.swift in Sources */,
				DE1D995A228417BE000DC0AC /* VolumeData.swift in Sources */,
				DE99229B227E7DCA000760EF /* TaskMapViewController.swift in Sources */,
				DEB320D92263580100CAE9C6 /* MulticastDelegate.swift in Sources */,
				DE70B67B22B1E74700DB50C5 /* SettingPageTableViewController.swift in Sources */,
			);
			runOnlyForDeploymentPostprocessing = 0;
		};
		DE70B67E22B2481E00DB50C5 /* Sources */ = {
			isa = PBXSourcesBuildPhase;
			buildActionMask = 2147483647;
			files = (
				DE70B68722B2481E00DB50C5 /* TodayViewController.swift in Sources */,
			);
			runOnlyForDeploymentPostprocessing = 0;
		};
/* End PBXSourcesBuildPhase section */

/* Begin PBXTargetDependency section */
		DE70B68D22B2481E00DB50C5 /* PBXTargetDependency */ = {
			isa = PBXTargetDependency;
			target = DE70B68122B2481E00DB50C5 /* TimelyWidget */;
			targetProxy = DE70B68C22B2481E00DB50C5 /* PBXContainerItemProxy */;
		};
/* End PBXTargetDependency section */

/* Begin PBXVariantGroup section */
		DE2FAFD52240C5E6002C6A05 /* Main.storyboard */ = {
			isa = PBXVariantGroup;
			children = (
				DE2FAFD62240C5E6002C6A05 /* Base */,
			);
			name = Main.storyboard;
			sourceTree = "<group>";
		};
		DE2FAFDA2240C5E7002C6A05 /* LaunchScreen.storyboard */ = {
			isa = PBXVariantGroup;
			children = (
				DE2FAFDB2240C5E7002C6A05 /* Base */,
			);
			name = LaunchScreen.storyboard;
			sourceTree = "<group>";
		};
		DE70B68822B2481E00DB50C5 /* MainInterface.storyboard */ = {
			isa = PBXVariantGroup;
			children = (
				DE70B68922B2481E00DB50C5 /* Base */,
			);
			name = MainInterface.storyboard;
			sourceTree = "<group>";
		};
/* End PBXVariantGroup section */

/* Begin XCBuildConfiguration section */
		DE2FAFDE2240C5E7002C6A05 /* Debug */ = {
			isa = XCBuildConfiguration;
			buildSettings = {
				ALWAYS_SEARCH_USER_PATHS = NO;
				CLANG_ANALYZER_NONNULL = YES;
				CLANG_ANALYZER_NUMBER_OBJECT_CONVERSION = YES_AGGRESSIVE;
				CLANG_CXX_LANGUAGE_STANDARD = "gnu++14";
				CLANG_CXX_LIBRARY = "libc++";
				CLANG_ENABLE_MODULES = YES;
				CLANG_ENABLE_OBJC_ARC = YES;
				CLANG_ENABLE_OBJC_WEAK = YES;
				CLANG_WARN_BLOCK_CAPTURE_AUTORELEASING = YES;
				CLANG_WARN_BOOL_CONVERSION = YES;
				CLANG_WARN_COMMA = YES;
				CLANG_WARN_CONSTANT_CONVERSION = YES;
				CLANG_WARN_DEPRECATED_OBJC_IMPLEMENTATIONS = YES;
				CLANG_WARN_DIRECT_OBJC_ISA_USAGE = YES_ERROR;
				CLANG_WARN_DOCUMENTATION_COMMENTS = YES;
				CLANG_WARN_EMPTY_BODY = YES;
				CLANG_WARN_ENUM_CONVERSION = YES;
				CLANG_WARN_INFINITE_RECURSION = YES;
				CLANG_WARN_INT_CONVERSION = YES;
				CLANG_WARN_NON_LITERAL_NULL_CONVERSION = YES;
				CLANG_WARN_OBJC_IMPLICIT_RETAIN_SELF = YES;
				CLANG_WARN_OBJC_LITERAL_CONVERSION = YES;
				CLANG_WARN_OBJC_ROOT_CLASS = YES_ERROR;
				CLANG_WARN_RANGE_LOOP_ANALYSIS = YES;
				CLANG_WARN_STRICT_PROTOTYPES = YES;
				CLANG_WARN_SUSPICIOUS_MOVE = YES;
				CLANG_WARN_UNGUARDED_AVAILABILITY = YES_AGGRESSIVE;
				CLANG_WARN_UNREACHABLE_CODE = YES;
				CLANG_WARN__DUPLICATE_METHOD_MATCH = YES;
				CODE_SIGN_IDENTITY = "iPhone Developer";
				COPY_PHASE_STRIP = NO;
				DEBUG_INFORMATION_FORMAT = dwarf;
				ENABLE_STRICT_OBJC_MSGSEND = YES;
				ENABLE_TESTABILITY = YES;
				GCC_C_LANGUAGE_STANDARD = gnu11;
				GCC_DYNAMIC_NO_PIC = NO;
				GCC_NO_COMMON_BLOCKS = YES;
				GCC_OPTIMIZATION_LEVEL = 0;
				GCC_PREPROCESSOR_DEFINITIONS = (
					"DEBUG=1",
					"$(inherited)",
				);
				GCC_WARN_64_TO_32_BIT_CONVERSION = YES;
				GCC_WARN_ABOUT_RETURN_TYPE = YES_ERROR;
				GCC_WARN_UNDECLARED_SELECTOR = YES;
				GCC_WARN_UNINITIALIZED_AUTOS = YES_AGGRESSIVE;
				GCC_WARN_UNUSED_FUNCTION = YES;
				GCC_WARN_UNUSED_VARIABLE = YES;
				IPHONEOS_DEPLOYMENT_TARGET = 12.1;
				MTL_ENABLE_DEBUG_INFO = INCLUDE_SOURCE;
				MTL_FAST_MATH = YES;
				ONLY_ACTIVE_ARCH = YES;
				SDKROOT = iphoneos;
				SWIFT_ACTIVE_COMPILATION_CONDITIONS = DEBUG;
				SWIFT_COMPILATION_MODE = wholemodule;
				SWIFT_OPTIMIZATION_LEVEL = "-O";
			};
			name = Debug;
		};
		DE2FAFDF2240C5E7002C6A05 /* Release */ = {
			isa = XCBuildConfiguration;
			buildSettings = {
				ALWAYS_SEARCH_USER_PATHS = NO;
				CLANG_ANALYZER_NONNULL = YES;
				CLANG_ANALYZER_NUMBER_OBJECT_CONVERSION = YES_AGGRESSIVE;
				CLANG_CXX_LANGUAGE_STANDARD = "gnu++14";
				CLANG_CXX_LIBRARY = "libc++";
				CLANG_ENABLE_MODULES = YES;
				CLANG_ENABLE_OBJC_ARC = YES;
				CLANG_ENABLE_OBJC_WEAK = YES;
				CLANG_WARN_BLOCK_CAPTURE_AUTORELEASING = YES;
				CLANG_WARN_BOOL_CONVERSION = YES;
				CLANG_WARN_COMMA = YES;
				CLANG_WARN_CONSTANT_CONVERSION = YES;
				CLANG_WARN_DEPRECATED_OBJC_IMPLEMENTATIONS = YES;
				CLANG_WARN_DIRECT_OBJC_ISA_USAGE = YES_ERROR;
				CLANG_WARN_DOCUMENTATION_COMMENTS = YES;
				CLANG_WARN_EMPTY_BODY = YES;
				CLANG_WARN_ENUM_CONVERSION = YES;
				CLANG_WARN_INFINITE_RECURSION = YES;
				CLANG_WARN_INT_CONVERSION = YES;
				CLANG_WARN_NON_LITERAL_NULL_CONVERSION = YES;
				CLANG_WARN_OBJC_IMPLICIT_RETAIN_SELF = YES;
				CLANG_WARN_OBJC_LITERAL_CONVERSION = YES;
				CLANG_WARN_OBJC_ROOT_CLASS = YES_ERROR;
				CLANG_WARN_RANGE_LOOP_ANALYSIS = YES;
				CLANG_WARN_STRICT_PROTOTYPES = YES;
				CLANG_WARN_SUSPICIOUS_MOVE = YES;
				CLANG_WARN_UNGUARDED_AVAILABILITY = YES_AGGRESSIVE;
				CLANG_WARN_UNREACHABLE_CODE = YES;
				CLANG_WARN__DUPLICATE_METHOD_MATCH = YES;
				CODE_SIGN_IDENTITY = "iPhone Developer";
				COPY_PHASE_STRIP = NO;
				DEBUG_INFORMATION_FORMAT = "dwarf-with-dsym";
				ENABLE_NS_ASSERTIONS = NO;
				ENABLE_STRICT_OBJC_MSGSEND = YES;
				GCC_C_LANGUAGE_STANDARD = gnu11;
				GCC_NO_COMMON_BLOCKS = YES;
				GCC_WARN_64_TO_32_BIT_CONVERSION = YES;
				GCC_WARN_ABOUT_RETURN_TYPE = YES_ERROR;
				GCC_WARN_UNDECLARED_SELECTOR = YES;
				GCC_WARN_UNINITIALIZED_AUTOS = YES_AGGRESSIVE;
				GCC_WARN_UNUSED_FUNCTION = YES;
				GCC_WARN_UNUSED_VARIABLE = YES;
				IPHONEOS_DEPLOYMENT_TARGET = 12.1;
				MTL_ENABLE_DEBUG_INFO = NO;
				MTL_FAST_MATH = YES;
				SDKROOT = iphoneos;
				SWIFT_COMPILATION_MODE = wholemodule;
				SWIFT_OPTIMIZATION_LEVEL = "-O";
				VALIDATE_PRODUCT = YES;
			};
			name = Release;
		};
		DE2FAFE12240C5E7002C6A05 /* Debug */ = {
			isa = XCBuildConfiguration;
			baseConfigurationReference = 1E7FD4FB5AFA42D1705ADB02 /* Pods-Timely.debug.xcconfig */;
			buildSettings = {
				ALWAYS_EMBED_SWIFT_STANDARD_LIBRARIES = YES;
				ASSETCATALOG_COMPILER_APPICON_NAME = AppIcon;
				CODE_SIGN_ENTITLEMENTS = Timely/Timely.entitlements;
				CODE_SIGN_STYLE = Automatic;
				DEVELOPMENT_TEAM = A434QHK996;
				INFOPLIST_FILE = "$(SRCROOT)/Timely/Info.plist";
				LD_RUNPATH_SEARCH_PATHS = (
					"$(inherited)",
					"@executable_path/Frameworks",
				);
				PRODUCT_BUNDLE_IDENTIFIER = monash.Timely;
				PRODUCT_NAME = "$(TARGET_NAME)";
				SWIFT_VERSION = 4.2;
				TARGETED_DEVICE_FAMILY = "1,2";
			};
			name = Debug;
		};
		DE2FAFE22240C5E7002C6A05 /* Release */ = {
			isa = XCBuildConfiguration;
			baseConfigurationReference = A9B8B39002A1E5731912A1E2 /* Pods-Timely.release.xcconfig */;
			buildSettings = {
				ALWAYS_EMBED_SWIFT_STANDARD_LIBRARIES = YES;
				ASSETCATALOG_COMPILER_APPICON_NAME = AppIcon;
				CODE_SIGN_ENTITLEMENTS = Timely/Timely.entitlements;
				CODE_SIGN_STYLE = Automatic;
				DEVELOPMENT_TEAM = A434QHK996;
				INFOPLIST_FILE = "$(SRCROOT)/Timely/Info.plist";
				LD_RUNPATH_SEARCH_PATHS = (
					"$(inherited)",
					"@executable_path/Frameworks",
				);
				PRODUCT_BUNDLE_IDENTIFIER = monash.Timely;
				PRODUCT_NAME = "$(TARGET_NAME)";
				SWIFT_VERSION = 4.2;
				TARGETED_DEVICE_FAMILY = "1,2";
			};
			name = Release;
		};
		DE70B69022B2481E00DB50C5 /* Debug */ = {
			isa = XCBuildConfiguration;
			buildSettings = {
				CODE_SIGN_ENTITLEMENTS = TimelyWidget/TimelyWidget.entitlements;
				CODE_SIGN_STYLE = Automatic;
				DEVELOPMENT_TEAM = A434QHK996;
				INFOPLIST_FILE = TimelyWidget/Info.plist;
				IPHONEOS_DEPLOYMENT_TARGET = 12.2;
				LD_RUNPATH_SEARCH_PATHS = (
					"$(inherited)",
					"@executable_path/Frameworks",
					"@executable_path/../../Frameworks",
				);
				PRODUCT_BUNDLE_IDENTIFIER = monash.Timely.TimelyWidget;
				PRODUCT_NAME = "$(TARGET_NAME)";
				SKIP_INSTALL = YES;
				SWIFT_OPTIMIZATION_LEVEL = "-Onone";
				SWIFT_VERSION = 5.0;
				TARGETED_DEVICE_FAMILY = "1,2";
			};
			name = Debug;
		};
		DE70B69122B2481E00DB50C5 /* Release */ = {
			isa = XCBuildConfiguration;
			buildSettings = {
				CODE_SIGN_ENTITLEMENTS = TimelyWidget/TimelyWidget.entitlements;
				CODE_SIGN_STYLE = Automatic;
				DEVELOPMENT_TEAM = A434QHK996;
				INFOPLIST_FILE = TimelyWidget/Info.plist;
				IPHONEOS_DEPLOYMENT_TARGET = 12.2;
				LD_RUNPATH_SEARCH_PATHS = (
					"$(inherited)",
					"@executable_path/Frameworks",
					"@executable_path/../../Frameworks",
				);
				PRODUCT_BUNDLE_IDENTIFIER = monash.Timely.TimelyWidget;
				PRODUCT_NAME = "$(TARGET_NAME)";
				SKIP_INSTALL = YES;
				SWIFT_VERSION = 5.0;
				TARGETED_DEVICE_FAMILY = "1,2";
			};
			name = Release;
		};
/* End XCBuildConfiguration section */

/* Begin XCConfigurationList section */
		DE2FAFC92240C5E6002C6A05 /* Build configuration list for PBXProject "Timely" */ = {
			isa = XCConfigurationList;
			buildConfigurations = (
				DE2FAFDE2240C5E7002C6A05 /* Debug */,
				DE2FAFDF2240C5E7002C6A05 /* Release */,
			);
			defaultConfigurationIsVisible = 0;
			defaultConfigurationName = Release;
		};
		DE2FAFE02240C5E7002C6A05 /* Build configuration list for PBXNativeTarget "Timely" */ = {
			isa = XCConfigurationList;
			buildConfigurations = (
				DE2FAFE12240C5E7002C6A05 /* Debug */,
				DE2FAFE22240C5E7002C6A05 /* Release */,
			);
			defaultConfigurationIsVisible = 0;
			defaultConfigurationName = Release;
		};
		DE70B68F22B2481E00DB50C5 /* Build configuration list for PBXNativeTarget "TimelyWidget" */ = {
			isa = XCConfigurationList;
			buildConfigurations = (
				DE70B69022B2481E00DB50C5 /* Debug */,
				DE70B69122B2481E00DB50C5 /* Release */,
			);
			defaultConfigurationIsVisible = 0;
			defaultConfigurationName = Release;
		};
/* End XCConfigurationList section */

/* Begin XCVersionGroup section */
		DE12721122631CF30010B7AB /* Tasks.xcdatamodeld */ = {
			isa = XCVersionGroup;
			children = (
				DE99228C227D3F3F000760EF /* Tasks 2.xcdatamodel */,
				DE12721222631CF30010B7AB /* Tasks.xcdatamodel */,
			);
			currentVersion = DE99228C227D3F3F000760EF /* Tasks 2.xcdatamodel */;
			path = Tasks.xcdatamodeld;
			sourceTree = "<group>";
			versionGroupType = wrapper.xcdatamodel;
		};
/* End XCVersionGroup section */
	};
	rootObject = DE2FAFC62240C5E6002C6A05 /* Project object */;
}
